
Microsoft Visual Studio Solution File, Format Version 12.00
# Visual Studio Version 16
VisualStudioVersion = 16.0.29123.88
MinimumVisualStudioVersion = 10.0.40219.1
Project("{FAE04EC0-301F-11D3-BF4B-00C04F79EFBC}") = "MyLeasing.Common", "MyLeasing.Common\MyLeasing.Common.csproj", "{0C199C5B-395A-44DE-8D4A-A8F4035019DB}"
EndProject
Project("{FAE04EC0-301F-11D3-BF4B-00C04F79EFBC}") = "MyLeasing.Web", "MyLeasing.Web\MyLeasing.Web.csproj", "{80B1A6E3-A25D-4726-AAE3-ADA9C8A4CA6E}"
EndProject
Global
	GlobalSection(SolutionConfigurationPlatforms) = preSolution
		Debug|Any CPU = Debug|Any CPU
		Release|Any CPU = Release|Any CPU
	EndGlobalSection
	GlobalSection(ProjectConfigurationPlatforms) = postSolution
		{0C199C5B-395A-44DE-8D4A-A8F4035019DB}.Debug|Any CPU.ActiveCfg = Debug|Any CPU
		{0C199C5B-395A-44DE-8D4A-A8F4035019DB}.Debug|Any CPU.Build.0 = Debug|Any CPU
		{0C199C5B-395A-44DE-8D4A-A8F4035019DB}.Release|Any CPU.ActiveCfg = Release|Any CPU
		{0C199C5B-395A-44DE-8D4A-A8F4035019DB}.Release|Any CPU.Build.0 = Release|Any CPU
		{80B1A6E3-A25D-4726-AAE3-ADA9C8A4CA6E}.Debug|Any CPU.ActiveCfg = Debug|Any CPU
		{80B1A6E3-A25D-4726-AAE3-ADA9C8A4CA6E}.Debug|Any CPU.Build.0 = Debug|Any CPU
		{80B1A6E3-A25D-4726-AAE3-ADA9C8A4CA6E}.Release|Any CPU.ActiveCfg = Release|Any CPU
		{80B1A6E3-A25D-4726-AAE3-ADA9C8A4CA6E}.Release|Any CPU.Build.0 = Release|Any CPU
	EndGlobalSection
	GlobalSection(SolutionProperties) = preSolution
		HideSolutionNode = FALSE
	EndGlobalSection
	GlobalSection(ExtensibilityGlobals) = postSolution
		SolutionGuid = {57B95CE4-D05F-46E6-8521-4B3565CDB152}
	EndGlobalSection
EndGlobal
