
Microsoft Visual Studio Solution File, Format Version 12.00
# Visual Studio 15
VisualStudioVersion = 15.0.28307.852
MinimumVisualStudioVersion = 10.0.40219.1
Project("{9A19103F-16F7-4668-BE54-9A1E7A4F7556}") = "MyLeasing.Common", "MyLeasing.Common\MyLeasing.Common.csproj", "{0C199C5B-395A-44DE-8D4A-A8F4035019DB}"
EndProject
Project("{9A19103F-16F7-4668-BE54-9A1E7A4F7556}") = "MyLeasing.Web", "MyLeasing.Web\MyLeasing.Web.csproj", "{80B1A6E3-A25D-4726-AAE3-ADA9C8A4CA6E}"
EndProject
Project("{FAE04EC0-301F-11D3-BF4B-00C04F79EFBC}") = "MyLeasing.Prism", "MyLeasing.Prism\MyLeasing.Prism\MyLeasing.Prism.csproj", "{7A2EBF16-7CEE-42B4-9883-56C669BC91CD}"
EndProject
Project("{FAE04EC0-301F-11D3-BF4B-00C04F79EFBC}") = "MyLeasing.Prism.Android", "MyLeasing.Prism\MyLeasing.Prism.Android\MyLeasing.Prism.Android.csproj", "{9BA4DF21-4B17-451D-AD98-5F6A6218971D}"
EndProject
Project("{FAE04EC0-301F-11D3-BF4B-00C04F79EFBC}") = "MyLeasing.Prism.iOS", "MyLeasing.Prism\MyLeasing.Prism.iOS\MyLeasing.Prism.iOS.csproj", "{99AEE846-8A52-4BF6-90DC-C18813CBF4A5}"
EndProject
Project("{FAE04EC0-301F-11D3-BF4B-00C04F79EFBC}") = "MyLeasing.Prism.UWP", "MyLeasing.Prism\MyLeasing.Prism.UWP\MyLeasing.Prism.UWP.csproj", "{953B2480-DC07-4E53-8318-8C4737DCE2C2}"
EndProject
Global
	GlobalSection(SolutionConfigurationPlatforms) = preSolution
		Ad-Hoc|Any CPU = Ad-Hoc|Any CPU
		Ad-Hoc|ARM = Ad-Hoc|ARM
		Ad-Hoc|iPhone = Ad-Hoc|iPhone
		Ad-Hoc|iPhoneSimulator = Ad-Hoc|iPhoneSimulator
		Ad-Hoc|x64 = Ad-Hoc|x64
		Ad-Hoc|x86 = Ad-Hoc|x86
		AppStore|Any CPU = AppStore|Any CPU
		AppStore|ARM = AppStore|ARM
		AppStore|iPhone = AppStore|iPhone
		AppStore|iPhoneSimulator = AppStore|iPhoneSimulator
		AppStore|x64 = AppStore|x64
		AppStore|x86 = AppStore|x86
		Debug|Any CPU = Debug|Any CPU
		Debug|ARM = Debug|ARM
		Debug|iPhone = Debug|iPhone
		Debug|iPhoneSimulator = Debug|iPhoneSimulator
		Debug|x64 = Debug|x64
		Debug|x86 = Debug|x86
		Release|Any CPU = Release|Any CPU
		Release|ARM = Release|ARM
		Release|iPhone = Release|iPhone
		Release|iPhoneSimulator = Release|iPhoneSimulator
		Release|x64 = Release|x64
		Release|x86 = Release|x86
	EndGlobalSection
	GlobalSection(ProjectConfigurationPlatforms) = postSolution
		{0C199C5B-395A-44DE-8D4A-A8F4035019DB}.Ad-Hoc|Any CPU.ActiveCfg = Release|Any CPU
		{0C199C5B-395A-44DE-8D4A-A8F4035019DB}.Ad-Hoc|Any CPU.Build.0 = Release|Any CPU
		{0C199C5B-395A-44DE-8D4A-A8F4035019DB}.Ad-Hoc|ARM.ActiveCfg = Release|Any CPU
		{0C199C5B-395A-44DE-8D4A-A8F4035019DB}.Ad-Hoc|ARM.Build.0 = Release|Any CPU
		{0C199C5B-395A-44DE-8D4A-A8F4035019DB}.Ad-Hoc|iPhone.ActiveCfg = Release|Any CPU
		{0C199C5B-395A-44DE-8D4A-A8F4035019DB}.Ad-Hoc|iPhone.Build.0 = Release|Any CPU
		{0C199C5B-395A-44DE-8D4A-A8F4035019DB}.Ad-Hoc|iPhoneSimulator.ActiveCfg = Release|Any CPU
		{0C199C5B-395A-44DE-8D4A-A8F4035019DB}.Ad-Hoc|iPhoneSimulator.Build.0 = Release|Any CPU
		{0C199C5B-395A-44DE-8D4A-A8F4035019DB}.Ad-Hoc|x64.ActiveCfg = Release|Any CPU
		{0C199C5B-395A-44DE-8D4A-A8F4035019DB}.Ad-Hoc|x64.Build.0 = Release|Any CPU
		{0C199C5B-395A-44DE-8D4A-A8F4035019DB}.Ad-Hoc|x86.ActiveCfg = Release|Any CPU
		{0C199C5B-395A-44DE-8D4A-A8F4035019DB}.Ad-Hoc|x86.Build.0 = Release|Any CPU
		{0C199C5B-395A-44DE-8D4A-A8F4035019DB}.AppStore|Any CPU.ActiveCfg = Release|Any CPU
		{0C199C5B-395A-44DE-8D4A-A8F4035019DB}.AppStore|Any CPU.Build.0 = Release|Any CPU
		{0C199C5B-395A-44DE-8D4A-A8F4035019DB}.AppStore|ARM.ActiveCfg = Release|Any CPU
		{0C199C5B-395A-44DE-8D4A-A8F4035019DB}.AppStore|ARM.Build.0 = Release|Any CPU
		{0C199C5B-395A-44DE-8D4A-A8F4035019DB}.AppStore|iPhone.ActiveCfg = Release|Any CPU
		{0C199C5B-395A-44DE-8D4A-A8F4035019DB}.AppStore|iPhone.Build.0 = Release|Any CPU
		{0C199C5B-395A-44DE-8D4A-A8F4035019DB}.AppStore|iPhoneSimulator.ActiveCfg = Release|Any CPU
		{0C199C5B-395A-44DE-8D4A-A8F4035019DB}.AppStore|iPhoneSimulator.Build.0 = Release|Any CPU
		{0C199C5B-395A-44DE-8D4A-A8F4035019DB}.AppStore|x64.ActiveCfg = Release|Any CPU
		{0C199C5B-395A-44DE-8D4A-A8F4035019DB}.AppStore|x64.Build.0 = Release|Any CPU
		{0C199C5B-395A-44DE-8D4A-A8F4035019DB}.AppStore|x86.ActiveCfg = Release|Any CPU
		{0C199C5B-395A-44DE-8D4A-A8F4035019DB}.AppStore|x86.Build.0 = Release|Any CPU
		{0C199C5B-395A-44DE-8D4A-A8F4035019DB}.Debug|Any CPU.ActiveCfg = Debug|Any CPU
		{0C199C5B-395A-44DE-8D4A-A8F4035019DB}.Debug|Any CPU.Build.0 = Debug|Any CPU
		{0C199C5B-395A-44DE-8D4A-A8F4035019DB}.Debug|ARM.ActiveCfg = Debug|Any CPU
		{0C199C5B-395A-44DE-8D4A-A8F4035019DB}.Debug|ARM.Build.0 = Debug|Any CPU
		{0C199C5B-395A-44DE-8D4A-A8F4035019DB}.Debug|iPhone.ActiveCfg = Debug|Any CPU
		{0C199C5B-395A-44DE-8D4A-A8F4035019DB}.Debug|iPhone.Build.0 = Debug|Any CPU
		{0C199C5B-395A-44DE-8D4A-A8F4035019DB}.Debug|iPhoneSimulator.ActiveCfg = Debug|Any CPU
		{0C199C5B-395A-44DE-8D4A-A8F4035019DB}.Debug|iPhoneSimulator.Build.0 = Debug|Any CPU
		{0C199C5B-395A-44DE-8D4A-A8F4035019DB}.Debug|x64.ActiveCfg = Debug|Any CPU
		{0C199C5B-395A-44DE-8D4A-A8F4035019DB}.Debug|x64.Build.0 = Debug|Any CPU
		{0C199C5B-395A-44DE-8D4A-A8F4035019DB}.Debug|x86.ActiveCfg = Debug|Any CPU
		{0C199C5B-395A-44DE-8D4A-A8F4035019DB}.Debug|x86.Build.0 = Debug|Any CPU
		{0C199C5B-395A-44DE-8D4A-A8F4035019DB}.Release|Any CPU.ActiveCfg = Release|Any CPU
		{0C199C5B-395A-44DE-8D4A-A8F4035019DB}.Release|Any CPU.Build.0 = Release|Any CPU
		{0C199C5B-395A-44DE-8D4A-A8F4035019DB}.Release|ARM.ActiveCfg = Release|Any CPU
		{0C199C5B-395A-44DE-8D4A-A8F4035019DB}.Release|ARM.Build.0 = Release|Any CPU
		{0C199C5B-395A-44DE-8D4A-A8F4035019DB}.Release|iPhone.ActiveCfg = Release|Any CPU
		{0C199C5B-395A-44DE-8D4A-A8F4035019DB}.Release|iPhone.Build.0 = Release|Any CPU
		{0C199C5B-395A-44DE-8D4A-A8F4035019DB}.Release|iPhoneSimulator.ActiveCfg = Release|Any CPU
		{0C199C5B-395A-44DE-8D4A-A8F4035019DB}.Release|iPhoneSimulator.Build.0 = Release|Any CPU
		{0C199C5B-395A-44DE-8D4A-A8F4035019DB}.Release|x64.ActiveCfg = Release|Any CPU
		{0C199C5B-395A-44DE-8D4A-A8F4035019DB}.Release|x64.Build.0 = Release|Any CPU
		{0C199C5B-395A-44DE-8D4A-A8F4035019DB}.Release|x86.ActiveCfg = Release|Any CPU
		{0C199C5B-395A-44DE-8D4A-A8F4035019DB}.Release|x86.Build.0 = Release|Any CPU
		{80B1A6E3-A25D-4726-AAE3-ADA9C8A4CA6E}.Ad-Hoc|Any CPU.ActiveCfg = Release|Any CPU
		{80B1A6E3-A25D-4726-AAE3-ADA9C8A4CA6E}.Ad-Hoc|Any CPU.Build.0 = Release|Any CPU
		{80B1A6E3-A25D-4726-AAE3-ADA9C8A4CA6E}.Ad-Hoc|ARM.ActiveCfg = Release|Any CPU
		{80B1A6E3-A25D-4726-AAE3-ADA9C8A4CA6E}.Ad-Hoc|ARM.Build.0 = Release|Any CPU
		{80B1A6E3-A25D-4726-AAE3-ADA9C8A4CA6E}.Ad-Hoc|iPhone.ActiveCfg = Release|Any CPU
		{80B1A6E3-A25D-4726-AAE3-ADA9C8A4CA6E}.Ad-Hoc|iPhone.Build.0 = Release|Any CPU
		{80B1A6E3-A25D-4726-AAE3-ADA9C8A4CA6E}.Ad-Hoc|iPhoneSimulator.ActiveCfg = Release|Any CPU
		{80B1A6E3-A25D-4726-AAE3-ADA9C8A4CA6E}.Ad-Hoc|iPhoneSimulator.Build.0 = Release|Any CPU
		{80B1A6E3-A25D-4726-AAE3-ADA9C8A4CA6E}.Ad-Hoc|x64.ActiveCfg = Release|Any CPU
		{80B1A6E3-A25D-4726-AAE3-ADA9C8A4CA6E}.Ad-Hoc|x64.Build.0 = Release|Any CPU
		{80B1A6E3-A25D-4726-AAE3-ADA9C8A4CA6E}.Ad-Hoc|x86.ActiveCfg = Release|Any CPU
		{80B1A6E3-A25D-4726-AAE3-ADA9C8A4CA6E}.Ad-Hoc|x86.Build.0 = Release|Any CPU
		{80B1A6E3-A25D-4726-AAE3-ADA9C8A4CA6E}.AppStore|Any CPU.ActiveCfg = Release|Any CPU
		{80B1A6E3-A25D-4726-AAE3-ADA9C8A4CA6E}.AppStore|Any CPU.Build.0 = Release|Any CPU
		{80B1A6E3-A25D-4726-AAE3-ADA9C8A4CA6E}.AppStore|ARM.ActiveCfg = Release|Any CPU
		{80B1A6E3-A25D-4726-AAE3-ADA9C8A4CA6E}.AppStore|ARM.Build.0 = Release|Any CPU
		{80B1A6E3-A25D-4726-AAE3-ADA9C8A4CA6E}.AppStore|iPhone.ActiveCfg = Release|Any CPU
		{80B1A6E3-A25D-4726-AAE3-ADA9C8A4CA6E}.AppStore|iPhone.Build.0 = Release|Any CPU
		{80B1A6E3-A25D-4726-AAE3-ADA9C8A4CA6E}.AppStore|iPhoneSimulator.ActiveCfg = Release|Any CPU
		{80B1A6E3-A25D-4726-AAE3-ADA9C8A4CA6E}.AppStore|iPhoneSimulator.Build.0 = Release|Any CPU
		{80B1A6E3-A25D-4726-AAE3-ADA9C8A4CA6E}.AppStore|x64.ActiveCfg = Release|Any CPU
		{80B1A6E3-A25D-4726-AAE3-ADA9C8A4CA6E}.AppStore|x64.Build.0 = Release|Any CPU
		{80B1A6E3-A25D-4726-AAE3-ADA9C8A4CA6E}.AppStore|x86.ActiveCfg = Release|Any CPU
		{80B1A6E3-A25D-4726-AAE3-ADA9C8A4CA6E}.AppStore|x86.Build.0 = Release|Any CPU
		{80B1A6E3-A25D-4726-AAE3-ADA9C8A4CA6E}.Debug|Any CPU.ActiveCfg = Debug|Any CPU
		{80B1A6E3-A25D-4726-AAE3-ADA9C8A4CA6E}.Debug|Any CPU.Build.0 = Debug|Any CPU
		{80B1A6E3-A25D-4726-AAE3-ADA9C8A4CA6E}.Debug|ARM.ActiveCfg = Debug|Any CPU
		{80B1A6E3-A25D-4726-AAE3-ADA9C8A4CA6E}.Debug|ARM.Build.0 = Debug|Any CPU
		{80B1A6E3-A25D-4726-AAE3-ADA9C8A4CA6E}.Debug|iPhone.ActiveCfg = Debug|Any CPU
		{80B1A6E3-A25D-4726-AAE3-ADA9C8A4CA6E}.Debug|iPhone.Build.0 = Debug|Any CPU
		{80B1A6E3-A25D-4726-AAE3-ADA9C8A4CA6E}.Debug|iPhoneSimulator.ActiveCfg = Debug|Any CPU
		{80B1A6E3-A25D-4726-AAE3-ADA9C8A4CA6E}.Debug|iPhoneSimulator.Build.0 = Debug|Any CPU
		{80B1A6E3-A25D-4726-AAE3-ADA9C8A4CA6E}.Debug|x64.ActiveCfg = Debug|Any CPU
		{80B1A6E3-A25D-4726-AAE3-ADA9C8A4CA6E}.Debug|x64.Build.0 = Debug|Any CPU
		{80B1A6E3-A25D-4726-AAE3-ADA9C8A4CA6E}.Debug|x86.ActiveCfg = Debug|Any CPU
		{80B1A6E3-A25D-4726-AAE3-ADA9C8A4CA6E}.Debug|x86.Build.0 = Debug|Any CPU
		{80B1A6E3-A25D-4726-AAE3-ADA9C8A4CA6E}.Release|Any CPU.ActiveCfg = Release|Any CPU
		{80B1A6E3-A25D-4726-AAE3-ADA9C8A4CA6E}.Release|Any CPU.Build.0 = Release|Any CPU
		{80B1A6E3-A25D-4726-AAE3-ADA9C8A4CA6E}.Release|ARM.ActiveCfg = Release|Any CPU
		{80B1A6E3-A25D-4726-AAE3-ADA9C8A4CA6E}.Release|ARM.Build.0 = Release|Any CPU
		{80B1A6E3-A25D-4726-AAE3-ADA9C8A4CA6E}.Release|iPhone.ActiveCfg = Release|Any CPU
		{80B1A6E3-A25D-4726-AAE3-ADA9C8A4CA6E}.Release|iPhone.Build.0 = Release|Any CPU
		{80B1A6E3-A25D-4726-AAE3-ADA9C8A4CA6E}.Release|iPhoneSimulator.ActiveCfg = Release|Any CPU
		{80B1A6E3-A25D-4726-AAE3-ADA9C8A4CA6E}.Release|iPhoneSimulator.Build.0 = Release|Any CPU
		{80B1A6E3-A25D-4726-AAE3-ADA9C8A4CA6E}.Release|x64.ActiveCfg = Release|Any CPU
		{80B1A6E3-A25D-4726-AAE3-ADA9C8A4CA6E}.Release|x64.Build.0 = Release|Any CPU
		{80B1A6E3-A25D-4726-AAE3-ADA9C8A4CA6E}.Release|x86.ActiveCfg = Release|Any CPU
		{80B1A6E3-A25D-4726-AAE3-ADA9C8A4CA6E}.Release|x86.Build.0 = Release|Any CPU
		{7A2EBF16-7CEE-42B4-9883-56C669BC91CD}.Ad-Hoc|Any CPU.ActiveCfg = Debug|Any CPU
		{7A2EBF16-7CEE-42B4-9883-56C669BC91CD}.Ad-Hoc|Any CPU.Build.0 = Debug|Any CPU
		{7A2EBF16-7CEE-42B4-9883-56C669BC91CD}.Ad-Hoc|ARM.ActiveCfg = Debug|Any CPU
		{7A2EBF16-7CEE-42B4-9883-56C669BC91CD}.Ad-Hoc|ARM.Build.0 = Debug|Any CPU
		{7A2EBF16-7CEE-42B4-9883-56C669BC91CD}.Ad-Hoc|iPhone.ActiveCfg = Debug|Any CPU
		{7A2EBF16-7CEE-42B4-9883-56C669BC91CD}.Ad-Hoc|iPhone.Build.0 = Debug|Any CPU
		{7A2EBF16-7CEE-42B4-9883-56C669BC91CD}.Ad-Hoc|iPhoneSimulator.ActiveCfg = Debug|Any CPU
		{7A2EBF16-7CEE-42B4-9883-56C669BC91CD}.Ad-Hoc|iPhoneSimulator.Build.0 = Debug|Any CPU
		{7A2EBF16-7CEE-42B4-9883-56C669BC91CD}.Ad-Hoc|x64.ActiveCfg = Debug|Any CPU
		{7A2EBF16-7CEE-42B4-9883-56C669BC91CD}.Ad-Hoc|x64.Build.0 = Debug|Any CPU
		{7A2EBF16-7CEE-42B4-9883-56C669BC91CD}.Ad-Hoc|x86.ActiveCfg = Debug|Any CPU
		{7A2EBF16-7CEE-42B4-9883-56C669BC91CD}.Ad-Hoc|x86.Build.0 = Debug|Any CPU
		{7A2EBF16-7CEE-42B4-9883-56C669BC91CD}.AppStore|Any CPU.ActiveCfg = Debug|Any CPU
		{7A2EBF16-7CEE-42B4-9883-56C669BC91CD}.AppStore|Any CPU.Build.0 = Debug|Any CPU
		{7A2EBF16-7CEE-42B4-9883-56C669BC91CD}.AppStore|ARM.ActiveCfg = Debug|Any CPU
		{7A2EBF16-7CEE-42B4-9883-56C669BC91CD}.AppStore|ARM.Build.0 = Debug|Any CPU
		{7A2EBF16-7CEE-42B4-9883-56C669BC91CD}.AppStore|iPhone.ActiveCfg = Debug|Any CPU
		{7A2EBF16-7CEE-42B4-9883-56C669BC91CD}.AppStore|iPhone.Build.0 = Debug|Any CPU
		{7A2EBF16-7CEE-42B4-9883-56C669BC91CD}.AppStore|iPhoneSimulator.ActiveCfg = Debug|Any CPU
		{7A2EBF16-7CEE-42B4-9883-56C669BC91CD}.AppStore|iPhoneSimulator.Build.0 = Debug|Any CPU
		{7A2EBF16-7CEE-42B4-9883-56C669BC91CD}.AppStore|x64.ActiveCfg = Debug|Any CPU
		{7A2EBF16-7CEE-42B4-9883-56C669BC91CD}.AppStore|x64.Build.0 = Debug|Any CPU
		{7A2EBF16-7CEE-42B4-9883-56C669BC91CD}.AppStore|x86.ActiveCfg = Debug|Any CPU
		{7A2EBF16-7CEE-42B4-9883-56C669BC91CD}.AppStore|x86.Build.0 = Debug|Any CPU
		{7A2EBF16-7CEE-42B4-9883-56C669BC91CD}.Debug|Any CPU.ActiveCfg = Debug|Any CPU
		{7A2EBF16-7CEE-42B4-9883-56C669BC91CD}.Debug|Any CPU.Build.0 = Debug|Any CPU
		{7A2EBF16-7CEE-42B4-9883-56C669BC91CD}.Debug|ARM.ActiveCfg = Debug|Any CPU
		{7A2EBF16-7CEE-42B4-9883-56C669BC91CD}.Debug|ARM.Build.0 = Debug|Any CPU
		{7A2EBF16-7CEE-42B4-9883-56C669BC91CD}.Debug|iPhone.ActiveCfg = Debug|Any CPU
		{7A2EBF16-7CEE-42B4-9883-56C669BC91CD}.Debug|iPhone.Build.0 = Debug|Any CPU
		{7A2EBF16-7CEE-42B4-9883-56C669BC91CD}.Debug|iPhoneSimulator.ActiveCfg = Debug|Any CPU
		{7A2EBF16-7CEE-42B4-9883-56C669BC91CD}.Debug|iPhoneSimulator.Build.0 = Debug|Any CPU
		{7A2EBF16-7CEE-42B4-9883-56C669BC91CD}.Debug|x64.ActiveCfg = Debug|Any CPU
		{7A2EBF16-7CEE-42B4-9883-56C669BC91CD}.Debug|x64.Build.0 = Debug|Any CPU
		{7A2EBF16-7CEE-42B4-9883-56C669BC91CD}.Debug|x86.ActiveCfg = Debug|Any CPU
		{7A2EBF16-7CEE-42B4-9883-56C669BC91CD}.Debug|x86.Build.0 = Debug|Any CPU
		{7A2EBF16-7CEE-42B4-9883-56C669BC91CD}.Release|Any CPU.ActiveCfg = Release|Any CPU
		{7A2EBF16-7CEE-42B4-9883-56C669BC91CD}.Release|Any CPU.Build.0 = Release|Any CPU
		{7A2EBF16-7CEE-42B4-9883-56C669BC91CD}.Release|ARM.ActiveCfg = Release|Any CPU
		{7A2EBF16-7CEE-42B4-9883-56C669BC91CD}.Release|ARM.Build.0 = Release|Any CPU
		{7A2EBF16-7CEE-42B4-9883-56C669BC91CD}.Release|iPhone.ActiveCfg = Release|Any CPU
		{7A2EBF16-7CEE-42B4-9883-56C669BC91CD}.Release|iPhone.Build.0 = Release|Any CPU
		{7A2EBF16-7CEE-42B4-9883-56C669BC91CD}.Release|iPhoneSimulator.ActiveCfg = Release|Any CPU
		{7A2EBF16-7CEE-42B4-9883-56C669BC91CD}.Release|iPhoneSimulator.Build.0 = Release|Any CPU
		{7A2EBF16-7CEE-42B4-9883-56C669BC91CD}.Release|x64.ActiveCfg = Release|Any CPU
		{7A2EBF16-7CEE-42B4-9883-56C669BC91CD}.Release|x64.Build.0 = Release|Any CPU
		{7A2EBF16-7CEE-42B4-9883-56C669BC91CD}.Release|x86.ActiveCfg = Release|Any CPU
		{7A2EBF16-7CEE-42B4-9883-56C669BC91CD}.Release|x86.Build.0 = Release|Any CPU
		{9BA4DF21-4B17-451D-AD98-5F6A6218971D}.Ad-Hoc|Any CPU.ActiveCfg = Release|Any CPU
		{9BA4DF21-4B17-451D-AD98-5F6A6218971D}.Ad-Hoc|Any CPU.Build.0 = Release|Any CPU
		{9BA4DF21-4B17-451D-AD98-5F6A6218971D}.Ad-Hoc|Any CPU.Deploy.0 = Release|Any CPU
		{9BA4DF21-4B17-451D-AD98-5F6A6218971D}.Ad-Hoc|ARM.ActiveCfg = Release|Any CPU
		{9BA4DF21-4B17-451D-AD98-5F6A6218971D}.Ad-Hoc|ARM.Build.0 = Release|Any CPU
		{9BA4DF21-4B17-451D-AD98-5F6A6218971D}.Ad-Hoc|ARM.Deploy.0 = Release|Any CPU
		{9BA4DF21-4B17-451D-AD98-5F6A6218971D}.Ad-Hoc|iPhone.ActiveCfg = Release|Any CPU
		{9BA4DF21-4B17-451D-AD98-5F6A6218971D}.Ad-Hoc|iPhone.Build.0 = Release|Any CPU
		{9BA4DF21-4B17-451D-AD98-5F6A6218971D}.Ad-Hoc|iPhone.Deploy.0 = Release|Any CPU
		{9BA4DF21-4B17-451D-AD98-5F6A6218971D}.Ad-Hoc|iPhoneSimulator.ActiveCfg = Release|Any CPU
		{9BA4DF21-4B17-451D-AD98-5F6A6218971D}.Ad-Hoc|iPhoneSimulator.Build.0 = Release|Any CPU
		{9BA4DF21-4B17-451D-AD98-5F6A6218971D}.Ad-Hoc|iPhoneSimulator.Deploy.0 = Release|Any CPU
		{9BA4DF21-4B17-451D-AD98-5F6A6218971D}.Ad-Hoc|x64.ActiveCfg = Release|Any CPU
		{9BA4DF21-4B17-451D-AD98-5F6A6218971D}.Ad-Hoc|x64.Build.0 = Release|Any CPU
		{9BA4DF21-4B17-451D-AD98-5F6A6218971D}.Ad-Hoc|x64.Deploy.0 = Release|Any CPU
		{9BA4DF21-4B17-451D-AD98-5F6A6218971D}.Ad-Hoc|x86.ActiveCfg = Release|Any CPU
		{9BA4DF21-4B17-451D-AD98-5F6A6218971D}.Ad-Hoc|x86.Build.0 = Release|Any CPU
		{9BA4DF21-4B17-451D-AD98-5F6A6218971D}.Ad-Hoc|x86.Deploy.0 = Release|Any CPU
		{9BA4DF21-4B17-451D-AD98-5F6A6218971D}.AppStore|Any CPU.ActiveCfg = Release|Any CPU
		{9BA4DF21-4B17-451D-AD98-5F6A6218971D}.AppStore|Any CPU.Build.0 = Release|Any CPU
		{9BA4DF21-4B17-451D-AD98-5F6A6218971D}.AppStore|Any CPU.Deploy.0 = Release|Any CPU
		{9BA4DF21-4B17-451D-AD98-5F6A6218971D}.AppStore|ARM.ActiveCfg = Release|Any CPU
		{9BA4DF21-4B17-451D-AD98-5F6A6218971D}.AppStore|ARM.Build.0 = Release|Any CPU
		{9BA4DF21-4B17-451D-AD98-5F6A6218971D}.AppStore|ARM.Deploy.0 = Release|Any CPU
		{9BA4DF21-4B17-451D-AD98-5F6A6218971D}.AppStore|iPhone.ActiveCfg = Release|Any CPU
		{9BA4DF21-4B17-451D-AD98-5F6A6218971D}.AppStore|iPhone.Build.0 = Release|Any CPU
		{9BA4DF21-4B17-451D-AD98-5F6A6218971D}.AppStore|iPhone.Deploy.0 = Release|Any CPU
		{9BA4DF21-4B17-451D-AD98-5F6A6218971D}.AppStore|iPhoneSimulator.ActiveCfg = Release|Any CPU
		{9BA4DF21-4B17-451D-AD98-5F6A6218971D}.AppStore|iPhoneSimulator.Build.0 = Release|Any CPU
		{9BA4DF21-4B17-451D-AD98-5F6A6218971D}.AppStore|iPhoneSimulator.Deploy.0 = Release|Any CPU
		{9BA4DF21-4B17-451D-AD98-5F6A6218971D}.AppStore|x64.ActiveCfg = Release|Any CPU
		{9BA4DF21-4B17-451D-AD98-5F6A6218971D}.AppStore|x64.Build.0 = Release|Any CPU
		{9BA4DF21-4B17-451D-AD98-5F6A6218971D}.AppStore|x64.Deploy.0 = Release|Any CPU
		{9BA4DF21-4B17-451D-AD98-5F6A6218971D}.AppStore|x86.ActiveCfg = Release|Any CPU
		{9BA4DF21-4B17-451D-AD98-5F6A6218971D}.AppStore|x86.Build.0 = Release|Any CPU
		{9BA4DF21-4B17-451D-AD98-5F6A6218971D}.AppStore|x86.Deploy.0 = Release|Any CPU
		{9BA4DF21-4B17-451D-AD98-5F6A6218971D}.Debug|Any CPU.ActiveCfg = Debug|Any CPU
		{9BA4DF21-4B17-451D-AD98-5F6A6218971D}.Debug|Any CPU.Build.0 = Debug|Any CPU
		{9BA4DF21-4B17-451D-AD98-5F6A6218971D}.Debug|Any CPU.Deploy.0 = Debug|Any CPU
		{9BA4DF21-4B17-451D-AD98-5F6A6218971D}.Debug|ARM.ActiveCfg = Debug|Any CPU
		{9BA4DF21-4B17-451D-AD98-5F6A6218971D}.Debug|ARM.Build.0 = Debug|Any CPU
		{9BA4DF21-4B17-451D-AD98-5F6A6218971D}.Debug|ARM.Deploy.0 = Debug|Any CPU
		{9BA4DF21-4B17-451D-AD98-5F6A6218971D}.Debug|iPhone.ActiveCfg = Debug|Any CPU
		{9BA4DF21-4B17-451D-AD98-5F6A6218971D}.Debug|iPhone.Build.0 = Debug|Any CPU
		{9BA4DF21-4B17-451D-AD98-5F6A6218971D}.Debug|iPhone.Deploy.0 = Debug|Any CPU
		{9BA4DF21-4B17-451D-AD98-5F6A6218971D}.Debug|iPhoneSimulator.ActiveCfg = Debug|Any CPU
		{9BA4DF21-4B17-451D-AD98-5F6A6218971D}.Debug|iPhoneSimulator.Build.0 = Debug|Any CPU
		{9BA4DF21-4B17-451D-AD98-5F6A6218971D}.Debug|iPhoneSimulator.Deploy.0 = Debug|Any CPU
		{9BA4DF21-4B17-451D-AD98-5F6A6218971D}.Debug|x64.ActiveCfg = Debug|Any CPU
		{9BA4DF21-4B17-451D-AD98-5F6A6218971D}.Debug|x64.Build.0 = Debug|Any CPU
		{9BA4DF21-4B17-451D-AD98-5F6A6218971D}.Debug|x64.Deploy.0 = Debug|Any CPU
		{9BA4DF21-4B17-451D-AD98-5F6A6218971D}.Debug|x86.ActiveCfg = Debug|Any CPU
		{9BA4DF21-4B17-451D-AD98-5F6A6218971D}.Debug|x86.Build.0 = Debug|Any CPU
		{9BA4DF21-4B17-451D-AD98-5F6A6218971D}.Debug|x86.Deploy.0 = Debug|Any CPU
		{9BA4DF21-4B17-451D-AD98-5F6A6218971D}.Release|Any CPU.ActiveCfg = Release|Any CPU
		{9BA4DF21-4B17-451D-AD98-5F6A6218971D}.Release|Any CPU.Build.0 = Release|Any CPU
		{9BA4DF21-4B17-451D-AD98-5F6A6218971D}.Release|Any CPU.Deploy.0 = Release|Any CPU
		{9BA4DF21-4B17-451D-AD98-5F6A6218971D}.Release|ARM.ActiveCfg = Release|Any CPU
		{9BA4DF21-4B17-451D-AD98-5F6A6218971D}.Release|ARM.Build.0 = Release|Any CPU
		{9BA4DF21-4B17-451D-AD98-5F6A6218971D}.Release|ARM.Deploy.0 = Release|Any CPU
		{9BA4DF21-4B17-451D-AD98-5F6A6218971D}.Release|iPhone.ActiveCfg = Release|Any CPU
		{9BA4DF21-4B17-451D-AD98-5F6A6218971D}.Release|iPhone.Build.0 = Release|Any CPU
		{9BA4DF21-4B17-451D-AD98-5F6A6218971D}.Release|iPhone.Deploy.0 = Release|Any CPU
		{9BA4DF21-4B17-451D-AD98-5F6A6218971D}.Release|iPhoneSimulator.ActiveCfg = Release|Any CPU
		{9BA4DF21-4B17-451D-AD98-5F6A6218971D}.Release|iPhoneSimulator.Build.0 = Release|Any CPU
		{9BA4DF21-4B17-451D-AD98-5F6A6218971D}.Release|iPhoneSimulator.Deploy.0 = Release|Any CPU
		{9BA4DF21-4B17-451D-AD98-5F6A6218971D}.Release|x64.ActiveCfg = Release|Any CPU
		{9BA4DF21-4B17-451D-AD98-5F6A6218971D}.Release|x64.Build.0 = Release|Any CPU
		{9BA4DF21-4B17-451D-AD98-5F6A6218971D}.Release|x64.Deploy.0 = Release|Any CPU
		{9BA4DF21-4B17-451D-AD98-5F6A6218971D}.Release|x86.ActiveCfg = Release|Any CPU
		{9BA4DF21-4B17-451D-AD98-5F6A6218971D}.Release|x86.Build.0 = Release|Any CPU
		{9BA4DF21-4B17-451D-AD98-5F6A6218971D}.Release|x86.Deploy.0 = Release|Any CPU
		{99AEE846-8A52-4BF6-90DC-C18813CBF4A5}.Ad-Hoc|Any CPU.ActiveCfg = Ad-Hoc|iPhone
		{99AEE846-8A52-4BF6-90DC-C18813CBF4A5}.Ad-Hoc|ARM.ActiveCfg = Ad-Hoc|iPhone
		{99AEE846-8A52-4BF6-90DC-C18813CBF4A5}.Ad-Hoc|iPhone.ActiveCfg = Ad-Hoc|iPhone
		{99AEE846-8A52-4BF6-90DC-C18813CBF4A5}.Ad-Hoc|iPhone.Build.0 = Ad-Hoc|iPhone
		{99AEE846-8A52-4BF6-90DC-C18813CBF4A5}.Ad-Hoc|iPhoneSimulator.ActiveCfg = Ad-Hoc|iPhoneSimulator
		{99AEE846-8A52-4BF6-90DC-C18813CBF4A5}.Ad-Hoc|iPhoneSimulator.Build.0 = Ad-Hoc|iPhoneSimulator
		{99AEE846-8A52-4BF6-90DC-C18813CBF4A5}.Ad-Hoc|x64.ActiveCfg = Ad-Hoc|iPhone
		{99AEE846-8A52-4BF6-90DC-C18813CBF4A5}.Ad-Hoc|x86.ActiveCfg = Ad-Hoc|iPhone
		{99AEE846-8A52-4BF6-90DC-C18813CBF4A5}.AppStore|Any CPU.ActiveCfg = AppStore|iPhone
		{99AEE846-8A52-4BF6-90DC-C18813CBF4A5}.AppStore|ARM.ActiveCfg = AppStore|iPhone
		{99AEE846-8A52-4BF6-90DC-C18813CBF4A5}.AppStore|iPhone.ActiveCfg = AppStore|iPhone
		{99AEE846-8A52-4BF6-90DC-C18813CBF4A5}.AppStore|iPhone.Build.0 = AppStore|iPhone
		{99AEE846-8A52-4BF6-90DC-C18813CBF4A5}.AppStore|iPhoneSimulator.ActiveCfg = AppStore|iPhoneSimulator
		{99AEE846-8A52-4BF6-90DC-C18813CBF4A5}.AppStore|iPhoneSimulator.Build.0 = AppStore|iPhoneSimulator
		{99AEE846-8A52-4BF6-90DC-C18813CBF4A5}.AppStore|x64.ActiveCfg = AppStore|iPhone
		{99AEE846-8A52-4BF6-90DC-C18813CBF4A5}.AppStore|x86.ActiveCfg = AppStore|iPhone
		{99AEE846-8A52-4BF6-90DC-C18813CBF4A5}.Debug|Any CPU.ActiveCfg = Debug|iPhone
		{99AEE846-8A52-4BF6-90DC-C18813CBF4A5}.Debug|ARM.ActiveCfg = Debug|iPhone
		{99AEE846-8A52-4BF6-90DC-C18813CBF4A5}.Debug|iPhone.ActiveCfg = Debug|iPhone
		{99AEE846-8A52-4BF6-90DC-C18813CBF4A5}.Debug|iPhone.Build.0 = Debug|iPhone
		{99AEE846-8A52-4BF6-90DC-C18813CBF4A5}.Debug|iPhoneSimulator.ActiveCfg = Debug|iPhoneSimulator
		{99AEE846-8A52-4BF6-90DC-C18813CBF4A5}.Debug|iPhoneSimulator.Build.0 = Debug|iPhoneSimulator
		{99AEE846-8A52-4BF6-90DC-C18813CBF4A5}.Debug|x64.ActiveCfg = Debug|iPhone
		{99AEE846-8A52-4BF6-90DC-C18813CBF4A5}.Debug|x86.ActiveCfg = Debug|iPhone
		{99AEE846-8A52-4BF6-90DC-C18813CBF4A5}.Release|Any CPU.ActiveCfg = Release|iPhone
		{99AEE846-8A52-4BF6-90DC-C18813CBF4A5}.Release|ARM.ActiveCfg = Release|iPhone
		{99AEE846-8A52-4BF6-90DC-C18813CBF4A5}.Release|iPhone.ActiveCfg = Release|iPhone
		{99AEE846-8A52-4BF6-90DC-C18813CBF4A5}.Release|iPhone.Build.0 = Release|iPhone
		{99AEE846-8A52-4BF6-90DC-C18813CBF4A5}.Release|iPhoneSimulator.ActiveCfg = Release|iPhoneSimulator
		{99AEE846-8A52-4BF6-90DC-C18813CBF4A5}.Release|iPhoneSimulator.Build.0 = Release|iPhoneSimulator
		{99AEE846-8A52-4BF6-90DC-C18813CBF4A5}.Release|x64.ActiveCfg = Release|iPhone
		{99AEE846-8A52-4BF6-90DC-C18813CBF4A5}.Release|x86.ActiveCfg = Release|iPhone
		{953B2480-DC07-4E53-8318-8C4737DCE2C2}.Ad-Hoc|Any CPU.ActiveCfg = Release|x86
		{953B2480-DC07-4E53-8318-8C4737DCE2C2}.Ad-Hoc|Any CPU.Build.0 = Release|x86
		{953B2480-DC07-4E53-8318-8C4737DCE2C2}.Ad-Hoc|Any CPU.Deploy.0 = Release|x86
		{953B2480-DC07-4E53-8318-8C4737DCE2C2}.Ad-Hoc|ARM.ActiveCfg = Release|ARM
		{953B2480-DC07-4E53-8318-8C4737DCE2C2}.Ad-Hoc|ARM.Build.0 = Release|ARM
		{953B2480-DC07-4E53-8318-8C4737DCE2C2}.Ad-Hoc|ARM.Deploy.0 = Release|ARM
		{953B2480-DC07-4E53-8318-8C4737DCE2C2}.Ad-Hoc|iPhone.ActiveCfg = Release|x86
		{953B2480-DC07-4E53-8318-8C4737DCE2C2}.Ad-Hoc|iPhone.Build.0 = Release|x86
		{953B2480-DC07-4E53-8318-8C4737DCE2C2}.Ad-Hoc|iPhone.Deploy.0 = Release|x86
		{953B2480-DC07-4E53-8318-8C4737DCE2C2}.Ad-Hoc|iPhoneSimulator.ActiveCfg = Release|x86
		{953B2480-DC07-4E53-8318-8C4737DCE2C2}.Ad-Hoc|iPhoneSimulator.Build.0 = Release|x86
		{953B2480-DC07-4E53-8318-8C4737DCE2C2}.Ad-Hoc|iPhoneSimulator.Deploy.0 = Release|x86
		{953B2480-DC07-4E53-8318-8C4737DCE2C2}.Ad-Hoc|x64.ActiveCfg = Release|x64
		{953B2480-DC07-4E53-8318-8C4737DCE2C2}.Ad-Hoc|x64.Build.0 = Release|x64
		{953B2480-DC07-4E53-8318-8C4737DCE2C2}.Ad-Hoc|x64.Deploy.0 = Release|x64
		{953B2480-DC07-4E53-8318-8C4737DCE2C2}.Ad-Hoc|x86.ActiveCfg = Release|x86
		{953B2480-DC07-4E53-8318-8C4737DCE2C2}.Ad-Hoc|x86.Build.0 = Release|x86
		{953B2480-DC07-4E53-8318-8C4737DCE2C2}.Ad-Hoc|x86.Deploy.0 = Release|x86
		{953B2480-DC07-4E53-8318-8C4737DCE2C2}.AppStore|Any CPU.ActiveCfg = Release|x86
		{953B2480-DC07-4E53-8318-8C4737DCE2C2}.AppStore|Any CPU.Build.0 = Release|x86
		{953B2480-DC07-4E53-8318-8C4737DCE2C2}.AppStore|Any CPU.Deploy.0 = Release|x86
		{953B2480-DC07-4E53-8318-8C4737DCE2C2}.AppStore|ARM.ActiveCfg = Release|ARM
		{953B2480-DC07-4E53-8318-8C4737DCE2C2}.AppStore|ARM.Build.0 = Release|ARM
		{953B2480-DC07-4E53-8318-8C4737DCE2C2}.AppStore|ARM.Deploy.0 = Release|ARM
		{953B2480-DC07-4E53-8318-8C4737DCE2C2}.AppStore|iPhone.ActiveCfg = Release|x86
		{953B2480-DC07-4E53-8318-8C4737DCE2C2}.AppStore|iPhone.Build.0 = Release|x86
		{953B2480-DC07-4E53-8318-8C4737DCE2C2}.AppStore|iPhone.Deploy.0 = Release|x86
		{953B2480-DC07-4E53-8318-8C4737DCE2C2}.AppStore|iPhoneSimulator.ActiveCfg = Release|x86
		{953B2480-DC07-4E53-8318-8C4737DCE2C2}.AppStore|iPhoneSimulator.Build.0 = Release|x86
		{953B2480-DC07-4E53-8318-8C4737DCE2C2}.AppStore|iPhoneSimulator.Deploy.0 = Release|x86
		{953B2480-DC07-4E53-8318-8C4737DCE2C2}.AppStore|x64.ActiveCfg = Release|x64
		{953B2480-DC07-4E53-8318-8C4737DCE2C2}.AppStore|x64.Build.0 = Release|x64
		{953B2480-DC07-4E53-8318-8C4737DCE2C2}.AppStore|x64.Deploy.0 = Release|x64
		{953B2480-DC07-4E53-8318-8C4737DCE2C2}.AppStore|x86.ActiveCfg = Release|x86
		{953B2480-DC07-4E53-8318-8C4737DCE2C2}.AppStore|x86.Build.0 = Release|x86
		{953B2480-DC07-4E53-8318-8C4737DCE2C2}.AppStore|x86.Deploy.0 = Release|x86
		{953B2480-DC07-4E53-8318-8C4737DCE2C2}.Debug|Any CPU.ActiveCfg = Debug|x86
		{953B2480-DC07-4E53-8318-8C4737DCE2C2}.Debug|ARM.ActiveCfg = Debug|ARM
		{953B2480-DC07-4E53-8318-8C4737DCE2C2}.Debug|ARM.Build.0 = Debug|ARM
		{953B2480-DC07-4E53-8318-8C4737DCE2C2}.Debug|ARM.Deploy.0 = Debug|ARM
		{953B2480-DC07-4E53-8318-8C4737DCE2C2}.Debug|iPhone.ActiveCfg = Debug|x86
		{953B2480-DC07-4E53-8318-8C4737DCE2C2}.Debug|iPhoneSimulator.ActiveCfg = Debug|x86
		{953B2480-DC07-4E53-8318-8C4737DCE2C2}.Debug|x64.ActiveCfg = Debug|x64
		{953B2480-DC07-4E53-8318-8C4737DCE2C2}.Debug|x64.Build.0 = Debug|x64
		{953B2480-DC07-4E53-8318-8C4737DCE2C2}.Debug|x64.Deploy.0 = Debug|x64
		{953B2480-DC07-4E53-8318-8C4737DCE2C2}.Debug|x86.ActiveCfg = Debug|x86
		{953B2480-DC07-4E53-8318-8C4737DCE2C2}.Debug|x86.Build.0 = Debug|x86
		{953B2480-DC07-4E53-8318-8C4737DCE2C2}.Debug|x86.Deploy.0 = Debug|x86
		{953B2480-DC07-4E53-8318-8C4737DCE2C2}.Release|Any CPU.ActiveCfg = Release|x86
		{953B2480-DC07-4E53-8318-8C4737DCE2C2}.Release|ARM.ActiveCfg = Release|ARM
		{953B2480-DC07-4E53-8318-8C4737DCE2C2}.Release|ARM.Build.0 = Release|ARM
		{953B2480-DC07-4E53-8318-8C4737DCE2C2}.Release|ARM.Deploy.0 = Release|ARM
		{953B2480-DC07-4E53-8318-8C4737DCE2C2}.Release|iPhone.ActiveCfg = Release|x86
		{953B2480-DC07-4E53-8318-8C4737DCE2C2}.Release|iPhoneSimulator.ActiveCfg = Release|x86
		{953B2480-DC07-4E53-8318-8C4737DCE2C2}.Release|x64.ActiveCfg = Release|x64
		{953B2480-DC07-4E53-8318-8C4737DCE2C2}.Release|x64.Build.0 = Release|x64
		{953B2480-DC07-4E53-8318-8C4737DCE2C2}.Release|x64.Deploy.0 = Release|x64
		{953B2480-DC07-4E53-8318-8C4737DCE2C2}.Release|x86.ActiveCfg = Release|x86
		{953B2480-DC07-4E53-8318-8C4737DCE2C2}.Release|x86.Build.0 = Release|x86
		{953B2480-DC07-4E53-8318-8C4737DCE2C2}.Release|x86.Deploy.0 = Release|x86
	EndGlobalSection
	GlobalSection(SolutionProperties) = preSolution
		HideSolutionNode = FALSE
	EndGlobalSection
	GlobalSection(ExtensibilityGlobals) = postSolution
		SolutionGuid = {57B95CE4-D05F-46E6-8521-4B3565CDB152}
	EndGlobalSection
EndGlobal
